[[tools.cargo-binstall]]
version = "1.17.4"
backend = "aqua:cargo-bins/cargo-binstall"
"platforms.linux-arm64" = { checksum = "sha256:1410ec72b4f23fa6cf8ebb4b55fe03ebca63e14adadf4501d78e91fa004e9689", url = "https://github.com/cargo-bins/cargo-binstall/releases/download/v1.17.4/cargo-binstall-aarch64-unknown-linux-musl.tgz"}
"platforms.linux-x64" = { checksum = "sha256:8822793dd22a1fcfba6d7581ed130ec935fb26a0db58fb9b0f01f0fae17d28f8", url = "https://github.com/cargo-bins/cargo-binstall/releases/download/v1.17.4/cargo-binstall-x86_64-unknown-linux-musl.tgz"}
"platforms.macos-arm64" = { checksum = "sha256:c689061413598fa32b77b6fd2a7300c6392faf008137194ab8a4cdb93c12040a", url = "https://github.com/cargo-bins/cargo-binstall/releases/download/v1.17.4/cargo-binstall-aarch64-apple-darwin.zip"}
"platforms.macos-x64" = { checksum = "sha256:278a12a049397b9f73df0c1e6c83c15fe184e3f5d824ee9a66460c41e519cfd6", url = "https://github.com/cargo-bins/cargo-binstall/releases/download/v1.17.4/cargo-binstall-x86_64-apple-darwin.zip"}
"platforms.windows-x64" = { checksum = "sha256:9c6df6ed7e0eef153fdd6aa0fe0c873496431ea44e2b209331b2dbd29d0d3c06", url = "https://github.com/cargo-bins/cargo-binstall/releases/download/v1.17.4/cargo-binstall-x86_64-pc-windows-msvc.zip"}

[[tools."cargo:cargo-deny"]]
version = "0.19.0"
backend = "cargo:cargo-deny"

[[tools."cargo:cargo-nextest"]]
version = "0.9.124"
backend = "cargo:cargo-nextest"
